
Microsoft Visual Studio Solution File, Format Version 12.00
# Visual Studio Version 16
VisualStudioVersion = 16.0.30011.22
MinimumVisualStudioVersion = 10.0.40219.1
Project("{FAE04EC0-301F-11D3-BF4B-00C04F79EFBC}") = "inno-build", "inno-build.csproj", "{40A3F584-681E-448F-AC9F-CC6E0DA97693}"
EndProject
Global
	GlobalSection(SolutionConfigurationPlatforms) = preSolution
		Debug|Any CPU = Debug|Any CPU
		Release|Any CPU = Release|Any CPU
	EndGlobalSection
	GlobalSection(ProjectConfigurationPlatforms) = postSolution
		{40A3F584-681E-448F-AC9F-CC6E0DA97693}.Debug|Any CPU.ActiveCfg = Debug|Any CPU
		{40A3F584-681E-448F-AC9F-CC6E0DA97693}.Debug|Any CPU.Build.0 = Debug|Any CPU
		{40A3F584-681E-448F-AC9F-CC6E0DA97693}.Release|Any CPU.ActiveCfg = Release|Any CPU
		{40A3F584-681E-448F-AC9F-CC6E0DA97693}.Release|Any CPU.Build.0 = Release|Any CPU
	EndGlobalSection
	GlobalSection(SolutionProperties) = preSolution
		HideSolutionNode = FALSE
	EndGlobalSection
	GlobalSection(ExtensibilityGlobals) = postSolution
		SolutionGuid = {F3EA5A2F-B103-4917-9CC9-99DE6535F5D3}
	EndGlobalSection
EndGlobal
